// !$*UTF8*$!
{
	archiveVersion = 1;
	classes = {
	};
	objectVersion = 56;
	objects = {

/* Begin PBXBuildFile section */
		9506D55A2AB5876400472C0D /* App.swift in Sources */ = {isa = PBXBuildFile; fileRef = 9506D5592AB5876400472C0D /* App.swift */; };
		9506D55C2AB5876400472C0D /* LoadableDemo.swift in Sources */ = {isa = PBXBuildFile; fileRef = 9506D55B2AB5876400472C0D /* LoadableDemo.swift */; };
		9506D55E2AB5876700472C0D /* Assets.xcassets in Resources */ = {isa = PBXBuildFile; fileRef = 9506D55D2AB5876700472C0D /* Assets.xcassets */; };
		9506D5612AB5876700472C0D /* Preview Assets.xcassets in Resources */ = {isa = PBXBuildFile; fileRef = 9506D5602AB5876700472C0D /* Preview Assets.xcassets */; };
		9506D56C2AB587D400472C0D /* Processed in Frameworks */ = {isa = PBXBuildFile; productRef = 9506D56B2AB587D400472C0D /* Processed */; };
		9506D56E2AB5880B00472C0D /* Button+loadingButton.swift in Sources */ = {isa = PBXBuildFile; fileRef = 9506D56D2AB5880B00472C0D /* Button+loadingButton.swift */; };
		9506D5702AB5882100472C0D /* View+loading.swift in Sources */ = {isa = PBXBuildFile; fileRef = 9506D56F2AB5882100472C0D /* View+loading.swift */; };
		9506D5752AB5C98800472C0D /* Root.swift in Sources */ = {isa = PBXBuildFile; fileRef = 9506D5742AB5C98800472C0D /* Root.swift */; };
		955A06222AC68DC10053E5DF /* RefreshableDemo.swift in Sources */ = {isa = PBXBuildFile; fileRef = 955A06212AC68DC10053E5DF /* RefreshableDemo.swift */; };
		95A9CB842AB9FFEF001BFF02 /* SingleProcessDemo.swift in Sources */ = {isa = PBXBuildFile; fileRef = 95A9CB832AB9FFEF001BFF02 /* SingleProcessDemo.swift */; };
		95A9CB862AB9FFF8001BFF02 /* SharedProcessDemo.swift in Sources */ = {isa = PBXBuildFile; fileRef = 95A9CB852AB9FFF8001BFF02 /* SharedProcessDemo.swift */; };
		95A9CB8A2ABA0017001BFF02 /* SingleProcessInClassDemo.swift in Sources */ = {isa = PBXBuildFile; fileRef = 95A9CB892ABA0017001BFF02 /* SingleProcessInClassDemo.swift */; };
		95A9CB8C2ABA0027001BFF02 /* MultiProcessInClassDemo.swift in Sources */ = {isa = PBXBuildFile; fileRef = 95A9CB8B2ABA0027001BFF02 /* MultiProcessInClassDemo.swift */; };
		95A9CB902ABA145A001BFF02 /* LoadableInClassDemo.swift in Sources */ = {isa = PBXBuildFile; fileRef = 95A9CB8F2ABA145A001BFF02 /* LoadableInClassDemo.swift */; };
		C40E3B5F2AC3F09800A2707D /* RestartableDemo.swift in Sources */ = {isa = PBXBuildFile; fileRef = C40E3B5E2AC3F09800A2707D /* RestartableDemo.swift */; };
/* End PBXBuildFile section */

/* Begin PBXFileReference section */
		9506D5562AB5876400472C0D /* ExampleApp.app */ = {isa = PBXFileReference; explicitFileType = wrapper.application; includeInIndex = 0; path = ExampleApp.app; sourceTree = BUILT_PRODUCTS_DIR; };
		9506D5592AB5876400472C0D /* App.swift */ = {isa = PBXFileReference; lastKnownFileType = sourcecode.swift; path = App.swift; sourceTree = "<group>"; };
		9506D55B2AB5876400472C0D /* LoadableDemo.swift */ = {isa = PBXFileReference; lastKnownFileType = sourcecode.swift; path = LoadableDemo.swift; sourceTree = "<group>"; };
		9506D55D2AB5876700472C0D /* Assets.xcassets */ = {isa = PBXFileReference; lastKnownFileType = folder.assetcatalog; path = Assets.xcassets; sourceTree = "<group>"; };
		9506D5602AB5876700472C0D /* Preview Assets.xcassets */ = {isa = PBXFileReference; lastKnownFileType = folder.assetcatalog; path = "Preview Assets.xcassets"; sourceTree = "<group>"; };
		9506D5672AB5877700472C0D /* Processed */ = {isa = PBXFileReference; lastKnownFileType = wrapper; name = Processed; path = ../..; sourceTree = "<group>"; };
		9506D56D2AB5880B00472C0D /* Button+loadingButton.swift */ = {isa = PBXFileReference; lastKnownFileType = sourcecode.swift; path = "Button+loadingButton.swift"; sourceTree = "<group>"; };
		9506D56F2AB5882100472C0D /* View+loading.swift */ = {isa = PBXFileReference; lastKnownFileType = sourcecode.swift; path = "View+loading.swift"; sourceTree = "<group>"; };
		9506D5742AB5C98800472C0D /* Root.swift */ = {isa = PBXFileReference; lastKnownFileType = sourcecode.swift; path = Root.swift; sourceTree = "<group>"; };
		955A06212AC68DC10053E5DF /* RefreshableDemo.swift */ = {isa = PBXFileReference; lastKnownFileType = sourcecode.swift; path = RefreshableDemo.swift; sourceTree = "<group>"; };
		95A9CB832AB9FFEF001BFF02 /* SingleProcessDemo.swift */ = {isa = PBXFileReference; lastKnownFileType = sourcecode.swift; path = SingleProcessDemo.swift; sourceTree = "<group>"; };
		95A9CB852AB9FFF8001BFF02 /* SharedProcessDemo.swift */ = {isa = PBXFileReference; lastKnownFileType = sourcecode.swift; path = SharedProcessDemo.swift; sourceTree = "<group>"; };
		95A9CB892ABA0017001BFF02 /* SingleProcessInClassDemo.swift */ = {isa = PBXFileReference; lastKnownFileType = sourcecode.swift; path = SingleProcessInClassDemo.swift; sourceTree = "<group>"; };
		95A9CB8B2ABA0027001BFF02 /* MultiProcessInClassDemo.swift */ = {isa = PBXFileReference; lastKnownFileType = sourcecode.swift; path = MultiProcessInClassDemo.swift; sourceTree = "<group>"; };
		95A9CB8F2ABA145A001BFF02 /* LoadableInClassDemo.swift */ = {isa = PBXFileReference; lastKnownFileType = sourcecode.swift; path = LoadableInClassDemo.swift; sourceTree = "<group>"; };
		C40E3B5E2AC3F09800A2707D /* RestartableDemo.swift */ = {isa = PBXFileReference; lastKnownFileType = sourcecode.swift; path = RestartableDemo.swift; sourceTree = "<group>"; };
/* End PBXFileReference section */

/* Begin PBXFrameworksBuildPhase section */
		9506D5532AB5876400472C0D /* Frameworks */ = {
			isa = PBXFrameworksBuildPhase;
			buildActionMask = 2147483647;
			files = (
				9506D56C2AB587D400472C0D /* Processed in Frameworks */,
			);
			runOnlyForDeploymentPostprocessing = 0;
		};
/* End PBXFrameworksBuildPhase section */

/* Begin PBXGroup section */
		9506D54D2AB5876400472C0D = {
			isa = PBXGroup;
			children = (
				9506D5672AB5877700472C0D /* Processed */,
				9506D5582AB5876400472C0D /* ExampleApp */,
				9506D5572AB5876400472C0D /* Products */,
				9506D56A2AB587D400472C0D /* Frameworks */,
			);
			sourceTree = "<group>";
		};
		9506D5572AB5876400472C0D /* Products */ = {
			isa = PBXGroup;
			children = (
				9506D5562AB5876400472C0D /* ExampleApp.app */,
			);
			name = Products;
			sourceTree = "<group>";
		};
		9506D5582AB5876400472C0D /* ExampleApp */ = {
			isa = PBXGroup;
			children = (
				9506D5592AB5876400472C0D /* App.swift */,
				9506D5742AB5C98800472C0D /* Root.swift */,
				95A9CB872AB9FFFB001BFF02 /* Demo - In SwiftUI View */,
				95A9CB882ABA0005001BFF02 /* Demo - In Classes */,
				9506D5712AB5888200472C0D /* Helpers */,
				9506D55D2AB5876700472C0D /* Assets.xcassets */,
				9506D55F2AB5876700472C0D /* Preview Content */,
			);
			path = ExampleApp;
			sourceTree = "<group>";
		};
		9506D55F2AB5876700472C0D /* Preview Content */ = {
			isa = PBXGroup;
			children = (
				9506D5602AB5876700472C0D /* Preview Assets.xcassets */,
			);
			path = "Preview Content";
			sourceTree = "<group>";
		};
		9506D56A2AB587D400472C0D /* Frameworks */ = {
			isa = PBXGroup;
			children = (
			);
			name = Frameworks;
			sourceTree = "<group>";
		};
		9506D5712AB5888200472C0D /* Helpers */ = {
			isa = PBXGroup;
			children = (
				9506D56F2AB5882100472C0D /* View+loading.swift */,
				9506D56D2AB5880B00472C0D /* Button+loadingButton.swift */,
			);
			path = Helpers;
			sourceTree = "<group>";
		};
		95A9CB872AB9FFFB001BFF02 /* Demo - In SwiftUI View */ = {
			isa = PBXGroup;
			children = (
				95A9CB832AB9FFEF001BFF02 /* SingleProcessDemo.swift */,
				95A9CB852AB9FFF8001BFF02 /* SharedProcessDemo.swift */,
				9506D55B2AB5876400472C0D /* LoadableDemo.swift */,
				C40E3B5E2AC3F09800A2707D /* RestartableDemo.swift */,
				955A06212AC68DC10053E5DF /* RefreshableDemo.swift */,
			);
			path = "Demo - In SwiftUI View";
			sourceTree = "<group>";
		};
		95A9CB882ABA0005001BFF02 /* Demo - In Classes */ = {
			isa = PBXGroup;
			children = (
				95A9CB892ABA0017001BFF02 /* SingleProcessInClassDemo.swift */,
				95A9CB8B2ABA0027001BFF02 /* MultiProcessInClassDemo.swift */,
				95A9CB8F2ABA145A001BFF02 /* LoadableInClassDemo.swift */,
			);
			path = "Demo - In Classes";
			sourceTree = "<group>";
		};
/* End PBXGroup section */

/* Begin PBXNativeTarget section */
		9506D5552AB5876400472C0D /* ExampleApp */ = {
			isa = PBXNativeTarget;
			buildConfigurationList = 9506D5642AB5876700472C0D /* Build configuration list for PBXNativeTarget "ExampleApp" */;
			buildPhases = (
				9506D5522AB5876400472C0D /* Sources */,
				9506D5532AB5876400472C0D /* Frameworks */,
				9506D5542AB5876400472C0D /* Resources */,
			);
			buildRules = (
			);
			dependencies = (
			);
			name = ExampleApp;
			packageProductDependencies = (
				9506D56B2AB587D400472C0D /* Processed */,
			);
			productName = ExampleApp;
			productReference = 9506D5562AB5876400472C0D /* ExampleApp.app */;
			productType = "com.apple.product-type.application";
		};
/* End PBXNativeTarget section */

/* Begin PBXProject section */
		9506D54E2AB5876400472C0D /* Project object */ = {
			isa = PBXProject;
			attributes = {
				BuildIndependentTargetsInParallel = 1;
				LastSwiftUpdateCheck = 1500;
				LastUpgradeCheck = 1500;
				TargetAttributes = {
					9506D5552AB5876400472C0D = {
						CreatedOnToolsVersion = 15.0;
					};
				};
			};
			buildConfigurationList = 9506D5512AB5876400472C0D /* Build configuration list for PBXProject "ExampleApp" */;
			compatibilityVersion = "Xcode 14.0";
			developmentRegion = en;
			hasScannedForEncodings = 0;
			knownRegions = (
				en,
				Base,
			);
			mainGroup = 9506D54D2AB5876400472C0D;
			productRefGroup = 9506D5572AB5876400472C0D /* Products */;
			projectDirPath = "";
			projectRoot = "";
			targets = (
				9506D5552AB5876400472C0D /* ExampleApp */,
			);
		};
/* End PBXProject section */

/* Begin PBXResourcesBuildPhase section */
		9506D5542AB5876400472C0D /* Resources */ = {
			isa = PBXResourcesBuildPhase;
			buildActionMask = 2147483647;
			files = (
				9506D5612AB5876700472C0D /* Preview Assets.xcassets in Resources */,
				9506D55E2AB5876700472C0D /* Assets.xcassets in Resources */,
			);
			runOnlyForDeploymentPostprocessing = 0;
		};
/* End PBXResourcesBuildPhase section */

/* Begin PBXSourcesBuildPhase section */
		9506D5522AB5876400472C0D /* Sources */ = {
			isa = PBXSourcesBuildPhase;
			buildActionMask = 2147483647;
			files = (
				C40E3B5F2AC3F09800A2707D /* RestartableDemo.swift in Sources */,
				9506D56E2AB5880B00472C0D /* Button+loadingButton.swift in Sources */,
				9506D55C2AB5876400472C0D /* LoadableDemo.swift in Sources */,
				9506D55A2AB5876400472C0D /* App.swift in Sources */,
				955A06222AC68DC10053E5DF /* RefreshableDemo.swift in Sources */,
				9506D5702AB5882100472C0D /* View+loading.swift in Sources */,
				95A9CB902ABA145A001BFF02 /* LoadableInClassDemo.swift in Sources */,
				95A9CB8A2ABA0017001BFF02 /* SingleProcessInClassDemo.swift in Sources */,
				95A9CB8C2ABA0027001BFF02 /* MultiProcessInClassDemo.swift in Sources */,
				95A9CB862AB9FFF8001BFF02 /* SharedProcessDemo.swift in Sources */,
				9506D5752AB5C98800472C0D /* Root.swift in Sources */,
				95A9CB842AB9FFEF001BFF02 /* SingleProcessDemo.swift in Sources */,
			);
			runOnlyForDeploymentPostprocessing = 0;
		};
/* End PBXSourcesBuildPhase section */

/* Begin XCBuildConfiguration section */
		9506D5622AB5876700472C0D /* Debug */ = {
			isa = XCBuildConfiguration;
			buildSettings = {
				ALWAYS_SEARCH_USER_PATHS = NO;
				ASSETCATALOG_COMPILER_GENERATE_SWIFT_ASSET_SYMBOL_EXTENSIONS = YES;
				CLANG_ANALYZER_NONNULL = YES;
				CLANG_ANALYZER_NUMBER_OBJECT_CONVERSION = YES_AGGRESSIVE;
				CLANG_CXX_LANGUAGE_STANDARD = "gnu++20";
				CLANG_ENABLE_MODULES = YES;
				CLANG_ENABLE_OBJC_ARC = YES;
				CLANG_ENABLE_OBJC_WEAK = YES;
				CLANG_WARN_BLOCK_CAPTURE_AUTORELEASING = YES;
				CLANG_WARN_BOOL_CONVERSION = YES;
				CLANG_WARN_COMMA = YES;
				CLANG_WARN_CONSTANT_CONVERSION = YES;
				CLANG_WARN_DEPRECATED_OBJC_IMPLEMENTATIONS = YES;
				CLANG_WARN_DIRECT_OBJC_ISA_USAGE = YES_ERROR;
				CLANG_WARN_DOCUMENTATION_COMMENTS = YES;
				CLANG_WARN_EMPTY_BODY = YES;
				CLANG_WARN_ENUM_CONVERSION = YES;
				CLANG_WARN_INFINITE_RECURSION = YES;
				CLANG_WARN_INT_CONVERSION = YES;
				CLANG_WARN_NON_LITERAL_NULL_CONVERSION = YES;
				CLANG_WARN_OBJC_IMPLICIT_RETAIN_SELF = YES;
				CLANG_WARN_OBJC_LITERAL_CONVERSION = YES;
				CLANG_WARN_OBJC_ROOT_CLASS = YES_ERROR;
				CLANG_WARN_QUOTED_INCLUDE_IN_FRAMEWORK_HEADER = YES;
				CLANG_WARN_RANGE_LOOP_ANALYSIS = YES;
				CLANG_WARN_STRICT_PROTOTYPES = YES;
				CLANG_WARN_SUSPICIOUS_MOVE = YES;
				CLANG_WARN_UNGUARDED_AVAILABILITY = YES_AGGRESSIVE;
				CLANG_WARN_UNREACHABLE_CODE = YES;
				CLANG_WARN__DUPLICATE_METHOD_MATCH = YES;
				COPY_PHASE_STRIP = NO;
				DEBUG_INFORMATION_FORMAT = dwarf;
				ENABLE_STRICT_OBJC_MSGSEND = YES;
				ENABLE_TESTABILITY = YES;
				ENABLE_USER_SCRIPT_SANDBOXING = YES;
				GCC_C_LANGUAGE_STANDARD = gnu17;
				GCC_DYNAMIC_NO_PIC = NO;
				GCC_NO_COMMON_BLOCKS = YES;
				GCC_OPTIMIZATION_LEVEL = 0;
				GCC_PREPROCESSOR_DEFINITIONS = (
					"DEBUG=1",
					"$(inherited)",
				);
				GCC_WARN_64_TO_32_BIT_CONVERSION = YES;
				GCC_WARN_ABOUT_RETURN_TYPE = YES_ERROR;
				GCC_WARN_UNDECLARED_SELECTOR = YES;
				GCC_WARN_UNINITIALIZED_AUTOS = YES_AGGRESSIVE;
				GCC_WARN_UNUSED_FUNCTION = YES;
				GCC_WARN_UNUSED_VARIABLE = YES;
				IPHONEOS_DEPLOYMENT_TARGET = 17.0;
				LOCALIZATION_PREFERS_STRING_CATALOGS = YES;
				MTL_ENABLE_DEBUG_INFO = INCLUDE_SOURCE;
				MTL_FAST_MATH = YES;
				ONLY_ACTIVE_ARCH = YES;
				SDKROOT = iphoneos;
				SWIFT_ACTIVE_COMPILATION_CONDITIONS = "DEBUG $(inherited)";
				SWIFT_OPTIMIZATION_LEVEL = "-Onone";
			};
			name = Debug;
		};
		9506D5632AB5876700472C0D /* Release */ = {
			isa = XCBuildConfiguration;
			buildSettings = {
				ALWAYS_SEARCH_USER_PATHS = NO;
				ASSETCATALOG_COMPILER_GENERATE_SWIFT_ASSET_SYMBOL_EXTENSIONS = YES;
				CLANG_ANALYZER_NONNULL = YES;
				CLANG_ANALYZER_NUMBER_OBJECT_CONVERSION = YES_AGGRESSIVE;
				CLANG_CXX_LANGUAGE_STANDARD = "gnu++20";
				CLANG_ENABLE_MODULES = YES;
				CLANG_ENABLE_OBJC_ARC = YES;
				CLANG_ENABLE_OBJC_WEAK = YES;
				CLANG_WARN_BLOCK_CAPTURE_AUTORELEASING = YES;
				CLANG_WARN_BOOL_CONVERSION = YES;
				CLANG_WARN_COMMA = YES;
				CLANG_WARN_CONSTANT_CONVERSION = YES;
				CLANG_WARN_DEPRECATED_OBJC_IMPLEMENTATIONS = YES;
				CLANG_WARN_DIRECT_OBJC_ISA_USAGE = YES_ERROR;
				CLANG_WARN_DOCUMENTATION_COMMENTS = YES;
				CLANG_WARN_EMPTY_BODY = YES;
				CLANG_WARN_ENUM_CONVERSION = YES;
				CLANG_WARN_INFINITE_RECURSION = YES;
				CLANG_WARN_INT_CONVERSION = YES;
				CLANG_WARN_NON_LITERAL_NULL_CONVERSION = YES;
				CLANG_WARN_OBJC_IMPLICIT_RETAIN_SELF = YES;
				CLANG_WARN_OBJC_LITERAL_CONVERSION = YES;
				CLANG_WARN_OBJC_ROOT_CLASS = YES_ERROR;
				CLANG_WARN_QUOTED_INCLUDE_IN_FRAMEWORK_HEADER = YES;
				CLANG_WARN_RANGE_LOOP_ANALYSIS = YES;
				CLANG_WARN_STRICT_PROTOTYPES = YES;
				CLANG_WARN_SUSPICIOUS_MOVE = YES;
				CLANG_WARN_UNGUARDED_AVAILABILITY = YES_AGGRESSIVE;
				CLANG_WARN_UNREACHABLE_CODE = YES;
				CLANG_WARN__DUPLICATE_METHOD_MATCH = YES;
				COPY_PHASE_STRIP = NO;
				DEBUG_INFORMATION_FORMAT = "dwarf-with-dsym";
				ENABLE_NS_ASSERTIONS = NO;
				ENABLE_STRICT_OBJC_MSGSEND = YES;
				ENABLE_USER_SCRIPT_SANDBOXING = YES;
				GCC_C_LANGUAGE_STANDARD = gnu17;
				GCC_NO_COMMON_BLOCKS = YES;
				GCC_WARN_64_TO_32_BIT_CONVERSION = YES;
				GCC_WARN_ABOUT_RETURN_TYPE = YES_ERROR;
				GCC_WARN_UNDECLARED_SELECTOR = YES;
				GCC_WARN_UNINITIALIZED_AUTOS = YES_AGGRESSIVE;
				GCC_WARN_UNUSED_FUNCTION = YES;
				GCC_WARN_UNUSED_VARIABLE = YES;
				IPHONEOS_DEPLOYMENT_TARGET = 17.0;
				LOCALIZATION_PREFERS_STRING_CATALOGS = YES;
				MTL_ENABLE_DEBUG_INFO = NO;
				MTL_FAST_MATH = YES;
				SDKROOT = iphoneos;
				SWIFT_COMPILATION_MODE = wholemodule;
				VALIDATE_PRODUCT = YES;
			};
			name = Release;
		};
		9506D5652AB5876700472C0D /* Debug */ = {
			isa = XCBuildConfiguration;
			buildSettings = {
				ASSETCATALOG_COMPILER_APPICON_NAME = AppIcon;
				ASSETCATALOG_COMPILER_GLOBAL_ACCENT_COLOR_NAME = AccentColor;
				CODE_SIGN_STYLE = Automatic;
				CURRENT_PROJECT_VERSION = 1;
				DEVELOPMENT_ASSET_PATHS = "\"ExampleApp/Preview Content\"";
				DEVELOPMENT_TEAM = 7F6BJZY5B3;
				ENABLE_PREVIEWS = YES;
				GENERATE_INFOPLIST_FILE = YES;
				INFOPLIST_KEY_UIApplicationSceneManifest_Generation = YES;
				INFOPLIST_KEY_UIApplicationSupportsIndirectInputEvents = YES;
				INFOPLIST_KEY_UILaunchScreen_Generation = YES;
				INFOPLIST_KEY_UISupportedInterfaceOrientations_iPad = "UIInterfaceOrientationPortrait UIInterfaceOrientationPortraitUpsideDown UIInterfaceOrientationLandscapeLeft UIInterfaceOrientationLandscapeRight";
				INFOPLIST_KEY_UISupportedInterfaceOrientations_iPhone = "UIInterfaceOrientationPortrait UIInterfaceOrientationLandscapeLeft UIInterfaceOrientationLandscapeRight";
				LD_RUNPATH_SEARCH_PATHS = (
					"$(inherited)",
					"@executable_path/Frameworks",
				);
				MARKETING_VERSION = 1.0;
				PRODUCT_BUNDLE_IDENTIFIER = com.swiftedMind.processed.ExampleApp;
				PRODUCT_NAME = "$(TARGET_NAME)";
				SWIFT_EMIT_LOC_STRINGS = YES;
				SWIFT_STRICT_CONCURRENCY = complete;
				SWIFT_VERSION = 5.0;
				TARGETED_DEVICE_FAMILY = "1,2";
			};
			name = Debug;
		};
		9506D5662AB5876700472C0D /* Release */ = {
			isa = XCBuildConfiguration;
			buildSettings = {
				ASSETCATALOG_COMPILER_APPICON_NAME = AppIcon;
				ASSETCATALOG_COMPILER_GLOBAL_ACCENT_COLOR_NAME = AccentColor;
				CODE_SIGN_STYLE = Automatic;
				CURRENT_PROJECT_VERSION = 1;
				DEVELOPMENT_ASSET_PATHS = "\"ExampleApp/Preview Content\"";
				DEVELOPMENT_TEAM = 7F6BJZY5B3;
				ENABLE_PREVIEWS = YES;
				GENERATE_INFOPLIST_FILE = YES;
				INFOPLIST_KEY_UIApplicationSceneManifest_Generation = YES;
				INFOPLIST_KEY_UIApplicationSupportsIndirectInputEvents = YES;
				INFOPLIST_KEY_UILaunchScreen_Generation = YES;
				INFOPLIST_KEY_UISupportedInterfaceOrientations_iPad = "UIInterfaceOrientationPortrait UIInterfaceOrientationPortraitUpsideDown UIInterfaceOrientationLandscapeLeft UIInterfaceOrientationLandscapeRight";
				INFOPLIST_KEY_UISupportedInterfaceOrientations_iPhone = "UIInterfaceOrientationPortrait UIInterfaceOrientationLandscapeLeft UIInterfaceOrientationLandscapeRight";
				LD_RUNPATH_SEARCH_PATHS = (
					"$(inherited)",
					"@executable_path/Frameworks",
				);
				MARKETING_VERSION = 1.0;
				PRODUCT_BUNDLE_IDENTIFIER = com.swiftedMind.processed.ExampleApp;
				PRODUCT_NAME = "$(TARGET_NAME)";
				SWIFT_EMIT_LOC_STRINGS = YES;
				SWIFT_STRICT_CONCURRENCY = complete;
				SWIFT_VERSION = 5.0;
				TARGETED_DEVICE_FAMILY = "1,2";
			};
			name = Release;
		};
/* End XCBuildConfiguration section */

/* Begin XCConfigurationList section */
		9506D5512AB5876400472C0D /* Build configuration list for PBXProject "ExampleApp" */ = {
			isa = XCConfigurationList;
			buildConfigurations = (
				9506D5622AB5876700472C0D /* Debug */,
				9506D5632AB5876700472C0D /* Release */,
			);
			defaultConfigurationIsVisible = 0;
			defaultConfigurationName = Release;
		};
		9506D5642AB5876700472C0D /* Build configuration list for PBXNativeTarget "ExampleApp" */ = {
			isa = XCConfigurationList;
			buildConfigurations = (
				9506D5652AB5876700472C0D /* Debug */,
				9506D5662AB5876700472C0D /* Release */,
			);
			defaultConfigurationIsVisible = 0;
			defaultConfigurationName = Release;
		};
/* End XCConfigurationList section */

/* Begin XCSwiftPackageProductDependency section */
		9506D56B2AB587D400472C0D /* Processed */ = {
			isa = XCSwiftPackageProductDependency;
			productName = Processed;
		};
/* End XCSwiftPackageProductDependency section */
	};
	rootObject = 9506D54E2AB5876400472C0D /* Project object */;
}
